
Microsoft Visual Studio Solution File, Format Version 12.00
# Visual Studio Version 16
VisualStudioVersion = 16.0.29411.108
MinimumVisualStudioVersion = 10.0.40219.1
Project("{FAE04EC0-301F-11D3-BF4B-00C04F79EFBC}") = "SASRip", "SASRip.csproj", "{2A8C96AD-B598-48F8-9BF9-F729FA0A5C56}"
EndProject
Global
	GlobalSection(SolutionConfigurationPlatforms) = preSolution
		Debug|Any CPU = Debug|Any CPU
		Release|Any CPU = Release|Any CPU
	EndGlobalSection
	GlobalSection(ProjectConfigurationPlatforms) = postSolution
		{2A8C96AD-B598-48F8-9BF9-F729FA0A5C56}.Debug|Any CPU.ActiveCfg = Debug|Any CPU
		{2A8C96AD-B598-48F8-9BF9-F729FA0A5C56}.Debug|Any CPU.Build.0 = Debug|Any CPU
		{2A8C96AD-B598-48F8-9BF9-F729FA0A5C56}.Release|Any CPU.ActiveCfg = Release|Any CPU
		{2A8C96AD-B598-48F8-9BF9-F729FA0A5C56}.Release|Any CPU.Build.0 = Release|Any CPU
	EndGlobalSection
	GlobalSection(SolutionProperties) = preSolution
		HideSolutionNode = FALSE
	EndGlobalSection
	GlobalSection(ExtensibilityGlobals) = postSolution
		SolutionGuid = {9C3E8D42-11DB-4A0D-8AE9-3EE59EFF7E76}
	EndGlobalSection
EndGlobal
